// !$*UTF8*$!
{
	archiveVersion = 1;
	classes = {
	};
	objectVersion = 46;
	objects = {

/* Begin PBXBuildFile section */
		481551861AEF769400509E02 /* AppDelegate.swift in Sources */ = {isa = PBXBuildFile; fileRef = 481551851AEF769400509E02 /* AppDelegate.swift */; };
		481551881AEF769400509E02 /* LiveController.swift in Sources */ = {isa = PBXBuildFile; fileRef = 481551871AEF769400509E02 /* LiveController.swift */; };
		4815518A1AEF769400509E02 /* ScriptController.swift in Sources */ = {isa = PBXBuildFile; fileRef = 481551891AEF769400509E02 /* ScriptController.swift */; };
		4815518D1AEF769400509E02 /* Main.storyboard in Resources */ = {isa = PBXBuildFile; fileRef = 4815518B1AEF769400509E02 /* Main.storyboard */; };
		481551921AEF769400509E02 /* LaunchScreen.xib in Resources */ = {isa = PBXBuildFile; fileRef = 481551901AEF769400509E02 /* LaunchScreen.xib */; };
		4815519E1AEF769400509E02 /* CCTests.swift in Sources */ = {isa = PBXBuildFile; fileRef = 4815519D1AEF769400509E02 /* CCTests.swift */; };
		481551A81AEF8A0A00509E02 /* RecordButton.swift in Sources */ = {isa = PBXBuildFile; fileRef = 481551A71AEF8A0A00509E02 /* RecordButton.swift */; };
		482A0DB11AF79B06003F18AB /* Foundation.framework in Frameworks */ = {isa = PBXBuildFile; fileRef = 482A0DB01AF79B06003F18AB /* Foundation.framework */; };
		482A0DB31AF79B0D003F18AB /* Security.framework in Frameworks */ = {isa = PBXBuildFile; fileRef = 482A0DB21AF79B0D003F18AB /* Security.framework */; };
		482A0DB51AF79B12003F18AB /* CFNetwork.framework in Frameworks */ = {isa = PBXBuildFile; fileRef = 482A0DB41AF79B12003F18AB /* CFNetwork.framework */; };
		482A0DB71AF79B20003F18AB /* libicucore.dylib in Frameworks */ = {isa = PBXBuildFile; fileRef = 482A0DB61AF79B20003F18AB /* libicucore.dylib */; };
		482A0DBC1AF79BB3003F18AB /* SRWebSocket.m in Sources */ = {isa = PBXBuildFile; fileRef = 482A0DBB1AF79BB3003F18AB /* SRWebSocket.m */; };
		482A0DBE1AF7AC99003F18AB /* HorizontalSlider.swift in Sources */ = {isa = PBXBuildFile; fileRef = 482A0DBD1AF7AC99003F18AB /* HorizontalSlider.swift */; };
		48A4A3DB1B35A2F600AF10E6 /* Images.xcassets in Resources */ = {isa = PBXBuildFile; fileRef = 48A4A3DA1B35A2F600AF10E6 /* Images.xcassets */; };
		48B6FE5B1B35A23A0032A005 /* Recording.swift in Sources */ = {isa = PBXBuildFile; fileRef = 48B6FE5A1B35A23A0032A005 /* Recording.swift */; };
		650CC2141B00C553009569A8 /* CameraSlider.swift in Sources */ = {isa = PBXBuildFile; fileRef = 650CC2131B00C553009569A8 /* CameraSlider.swift */; };
		655A495A1B3434C100D03E80 /* TabViewController.swift in Sources */ = {isa = PBXBuildFile; fileRef = 655A49591B3434C100D03E80 /* TabViewController.swift */; };
		655A495D1B3448BF00D03E80 /* ConnectionScreen.swift in Sources */ = {isa = PBXBuildFile; fileRef = 655A495B1B3448BF00D03E80 /* ConnectionScreen.swift */; };
		655A495E1B3448BF00D03E80 /* ConnectionScreen.xib in Resources */ = {isa = PBXBuildFile; fileRef = 655A495C1B3448BF00D03E80 /* ConnectionScreen.xib */; };
		65C673CC1B35CADD00351917 /* FBBitmapFont.m in Sources */ = {isa = PBXBuildFile; fileRef = 65C673BE1B35CADD00351917 /* FBBitmapFont.m */; };
		65C673CD1B35CADD00351917 /* FBBitmapFontView.m in Sources */ = {isa = PBXBuildFile; fileRef = 65C673C01B35CADD00351917 /* FBBitmapFontView.m */; };
		65C673CE1B35CADD00351917 /* FBFontSymbol.m in Sources */ = {isa = PBXBuildFile; fileRef = 65C673C21B35CADD00351917 /* FBFontSymbol.m */; };
		65C673CF1B35CADD00351917 /* FBLCDFont.m in Sources */ = {isa = PBXBuildFile; fileRef = 65C673C41B35CADD00351917 /* FBLCDFont.m */; };
		65C673D01B35CADD00351917 /* FBLCDFontView.m in Sources */ = {isa = PBXBuildFile; fileRef = 65C673C61B35CADD00351917 /* FBLCDFontView.m */; };
		65C673D11B35CADD00351917 /* FBSquareFont.m in Sources */ = {isa = PBXBuildFile; fileRef = 65C673C81B35CADD00351917 /* FBSquareFont.m */; };
		65C673D21B35CADD00351917 /* FBSquareFontView.m in Sources */ = {isa = PBXBuildFile; fileRef = 65C673CA1B35CADD00351917 /* FBSquareFontView.m */; };
		65C673D31B35CADD00351917 /* LICENSE in Resources */ = {isa = PBXBuildFile; fileRef = 65C673CB1B35CADD00351917 /* LICENSE */; };
		65C673D51B35D82B00351917 /* QuartzCore.framework in Frameworks */ = {isa = PBXBuildFile; fileRef = 65C673D41B35D82B00351917 /* QuartzCore.framework */; };
/* End PBXBuildFile section */

/* Begin PBXContainerItemProxy section */
		481551981AEF769400509E02 /* PBXContainerItemProxy */ = {
			isa = PBXContainerItemProxy;
			containerPortal = 481551781AEF769300509E02 /* Project object */;
			proxyType = 1;
			remoteGlobalIDString = 4815517F1AEF769400509E02;
			remoteInfo = CC;
		};
/* End PBXContainerItemProxy section */

/* Begin PBXFileReference section */
		481551801AEF769400509E02 /* CC.app */ = {isa = PBXFileReference; explicitFileType = wrapper.application; includeInIndex = 0; path = CC.app; sourceTree = BUILT_PRODUCTS_DIR; };
		481551841AEF769400509E02 /* Info.plist */ = {isa = PBXFileReference; lastKnownFileType = text.plist.xml; path = Info.plist; sourceTree = "<group>"; };
		481551851AEF769400509E02 /* AppDelegate.swift */ = {isa = PBXFileReference; lastKnownFileType = sourcecode.swift; path = AppDelegate.swift; sourceTree = "<group>"; };
		481551871AEF769400509E02 /* LiveController.swift */ = {isa = PBXFileReference; lastKnownFileType = sourcecode.swift; path = LiveController.swift; sourceTree = "<group>"; };
		481551891AEF769400509E02 /* ScriptController.swift */ = {isa = PBXFileReference; lastKnownFileType = sourcecode.swift; path = ScriptController.swift; sourceTree = "<group>"; };
		4815518C1AEF769400509E02 /* Base */ = {isa = PBXFileReference; lastKnownFileType = file.storyboard; name = Base; path = Base.lproj/Main.storyboard; sourceTree = "<group>"; };
		481551911AEF769400509E02 /* Base */ = {isa = PBXFileReference; lastKnownFileType = file.xib; name = Base; path = Base.lproj/LaunchScreen.xib; sourceTree = "<group>"; };
		481551971AEF769400509E02 /* CCTests.xctest */ = {isa = PBXFileReference; explicitFileType = wrapper.cfbundle; includeInIndex = 0; path = CCTests.xctest; sourceTree = BUILT_PRODUCTS_DIR; };
		4815519C1AEF769400509E02 /* Info.plist */ = {isa = PBXFileReference; lastKnownFileType = text.plist.xml; path = Info.plist; sourceTree = "<group>"; };
		4815519D1AEF769400509E02 /* CCTests.swift */ = {isa = PBXFileReference; lastKnownFileType = sourcecode.swift; path = CCTests.swift; sourceTree = "<group>"; };
		481551A71AEF8A0A00509E02 /* RecordButton.swift */ = {isa = PBXFileReference; fileEncoding = 4; lastKnownFileType = sourcecode.swift; path = RecordButton.swift; sourceTree = "<group>"; };
		482A0DAF1AF79A15003F18AB /* BridgingHeader.h */ = {isa = PBXFileReference; lastKnownFileType = sourcecode.c.h; path = BridgingHeader.h; sourceTree = "<group>"; };
		482A0DB01AF79B06003F18AB /* Foundation.framework */ = {isa = PBXFileReference; lastKnownFileType = wrapper.framework; name = Foundation.framework; path = System/Library/Frameworks/Foundation.framework; sourceTree = SDKROOT; };
		482A0DB21AF79B0D003F18AB /* Security.framework */ = {isa = PBXFileReference; lastKnownFileType = wrapper.framework; name = Security.framework; path = System/Library/Frameworks/Security.framework; sourceTree = SDKROOT; };
		482A0DB41AF79B12003F18AB /* CFNetwork.framework */ = {isa = PBXFileReference; lastKnownFileType = wrapper.framework; name = CFNetwork.framework; path = System/Library/Frameworks/CFNetwork.framework; sourceTree = SDKROOT; };
		482A0DB61AF79B20003F18AB /* libicucore.dylib */ = {isa = PBXFileReference; lastKnownFileType = "compiled.mach-o.dylib"; name = libicucore.dylib; path = usr/lib/libicucore.dylib; sourceTree = SDKROOT; };
		482A0DB91AF79BB3003F18AB /* SocketRocket-Prefix.pch */ = {isa = PBXFileReference; fileEncoding = 4; lastKnownFileType = sourcecode.c.h; path = "SocketRocket-Prefix.pch"; sourceTree = "<group>"; };
		482A0DBA1AF79BB3003F18AB /* SRWebSocket.h */ = {isa = PBXFileReference; fileEncoding = 4; lastKnownFileType = sourcecode.c.h; path = SRWebSocket.h; sourceTree = "<group>"; };
		482A0DBB1AF79BB3003F18AB /* SRWebSocket.m */ = {isa = PBXFileReference; fileEncoding = 4; lastKnownFileType = sourcecode.c.objc; path = SRWebSocket.m; sourceTree = "<group>"; };
		482A0DBD1AF7AC99003F18AB /* HorizontalSlider.swift */ = {isa = PBXFileReference; fileEncoding = 4; lastKnownFileType = sourcecode.swift; path = HorizontalSlider.swift; sourceTree = "<group>"; };
		48A4A3DA1B35A2F600AF10E6 /* Images.xcassets */ = {isa = PBXFileReference; lastKnownFileType = folder.assetcatalog; name = Images.xcassets; path = SocketRocket/Images.xcassets; sourceTree = "<group>"; };
		48B6FE5A1B35A23A0032A005 /* Recording.swift */ = {isa = PBXFileReference; fileEncoding = 4; lastKnownFileType = sourcecode.swift; path = Recording.swift; sourceTree = "<group>"; };
		650CC2131B00C553009569A8 /* CameraSlider.swift */ = {isa = PBXFileReference; fileEncoding = 4; lastKnownFileType = sourcecode.swift; path = CameraSlider.swift; sourceTree = "<group>"; };
		655A49591B3434C100D03E80 /* TabViewController.swift */ = {isa = PBXFileReference; fileEncoding = 4; lastKnownFileType = sourcecode.swift; name = TabViewController.swift; path = SocketRocket/TabViewController.swift; sourceTree = "<group>"; };
		655A495B1B3448BF00D03E80 /* ConnectionScreen.swift */ = {isa = PBXFileReference; fileEncoding = 4; lastKnownFileType = sourcecode.swift; path = ConnectionScreen.swift; sourceTree = "<group>"; };
		655A495C1B3448BF00D03E80 /* ConnectionScreen.xib */ = {isa = PBXFileReference; fileEncoding = 4; lastKnownFileType = file.xib; path = ConnectionScreen.xib; sourceTree = "<group>"; };
		65C673BD1B35CADC00351917 /* FBBitmapFont.h */ = {isa = PBXFileReference; fileEncoding = 4; lastKnownFileType = sourcecode.c.h; path = FBBitmapFont.h; sourceTree = "<group>"; };
		65C673BE1B35CADD00351917 /* FBBitmapFont.m */ = {isa = PBXFileReference; fileEncoding = 4; lastKnownFileType = sourcecode.c.objc; path = FBBitmapFont.m; sourceTree = "<group>"; };
		65C673BF1B35CADD00351917 /* FBBitmapFontView.h */ = {isa = PBXFileReference; fileEncoding = 4; lastKnownFileType = sourcecode.c.h; path = FBBitmapFontView.h; sourceTree = "<group>"; };
		65C673C01B35CADD00351917 /* FBBitmapFontView.m */ = {isa = PBXFileReference; fileEncoding = 4; lastKnownFileType = sourcecode.c.objc; path = FBBitmapFontView.m; sourceTree = "<group>"; };
		65C673C11B35CADD00351917 /* FBFontSymbol.h */ = {isa = PBXFileReference; fileEncoding = 4; lastKnownFileType = sourcecode.c.h; path = FBFontSymbol.h; sourceTree = "<group>"; };
		65C673C21B35CADD00351917 /* FBFontSymbol.m */ = {isa = PBXFileReference; fileEncoding = 4; lastKnownFileType = sourcecode.c.objc; path = FBFontSymbol.m; sourceTree = "<group>"; };
		65C673C31B35CADD00351917 /* FBLCDFont.h */ = {isa = PBXFileReference; fileEncoding = 4; lastKnownFileType = sourcecode.c.h; path = FBLCDFont.h; sourceTree = "<group>"; };
		65C673C41B35CADD00351917 /* FBLCDFont.m */ = {isa = PBXFileReference; fileEncoding = 4; lastKnownFileType = sourcecode.c.objc; path = FBLCDFont.m; sourceTree = "<group>"; };
		65C673C51B35CADD00351917 /* FBLCDFontView.h */ = {isa = PBXFileReference; fileEncoding = 4; lastKnownFileType = sourcecode.c.h; path = FBLCDFontView.h; sourceTree = "<group>"; };
		65C673C61B35CADD00351917 /* FBLCDFontView.m */ = {isa = PBXFileReference; fileEncoding = 4; lastKnownFileType = sourcecode.c.objc; path = FBLCDFontView.m; sourceTree = "<group>"; };
		65C673C71B35CADD00351917 /* FBSquareFont.h */ = {isa = PBXFileReference; fileEncoding = 4; lastKnownFileType = sourcecode.c.h; path = FBSquareFont.h; sourceTree = "<group>"; };
		65C673C81B35CADD00351917 /* FBSquareFont.m */ = {isa = PBXFileReference; fileEncoding = 4; lastKnownFileType = sourcecode.c.objc; path = FBSquareFont.m; sourceTree = "<group>"; };
		65C673C91B35CADD00351917 /* FBSquareFontView.h */ = {isa = PBXFileReference; fileEncoding = 4; lastKnownFileType = sourcecode.c.h; path = FBSquareFontView.h; sourceTree = "<group>"; };
		65C673CA1B35CADD00351917 /* FBSquareFontView.m */ = {isa = PBXFileReference; fileEncoding = 4; lastKnownFileType = sourcecode.c.objc; path = FBSquareFontView.m; sourceTree = "<group>"; };
		65C673CB1B35CADD00351917 /* LICENSE */ = {isa = PBXFileReference; fileEncoding = 4; lastKnownFileType = text; path = LICENSE; sourceTree = "<group>"; };
		65C673D41B35D82B00351917 /* QuartzCore.framework */ = {isa = PBXFileReference; lastKnownFileType = wrapper.framework; name = QuartzCore.framework; path = System/Library/Frameworks/QuartzCore.framework; sourceTree = SDKROOT; };
/* End PBXFileReference section */

/* Begin PBXFrameworksBuildPhase section */
		4815517D1AEF769400509E02 /* Frameworks */ = {
			isa = PBXFrameworksBuildPhase;
			buildActionMask = 2147483647;
			files = (
				65C673D51B35D82B00351917 /* QuartzCore.framework in Frameworks */,
				482A0DB71AF79B20003F18AB /* libicucore.dylib in Frameworks */,
				482A0DB51AF79B12003F18AB /* CFNetwork.framework in Frameworks */,
				482A0DB31AF79B0D003F18AB /* Security.framework in Frameworks */,
				482A0DB11AF79B06003F18AB /* Foundation.framework in Frameworks */,
			);
			runOnlyForDeploymentPostprocessing = 0;
		};
		481551941AEF769400509E02 /* Frameworks */ = {
			isa = PBXFrameworksBuildPhase;
			buildActionMask = 2147483647;
			files = (
			);
			runOnlyForDeploymentPostprocessing = 0;
		};
/* End PBXFrameworksBuildPhase section */

/* Begin PBXGroup section */
		481551771AEF769300509E02 = {
			isa = PBXGroup;
			children = (
				65C673D41B35D82B00351917 /* QuartzCore.framework */,
				482A0DB61AF79B20003F18AB /* libicucore.dylib */,
				482A0DB41AF79B12003F18AB /* CFNetwork.framework */,
				482A0DB21AF79B0D003F18AB /* Security.framework */,
				482A0DB01AF79B06003F18AB /* Foundation.framework */,
				481551821AEF769400509E02 /* CC */,
				4815519A1AEF769400509E02 /* CCTests */,
				481551811AEF769400509E02 /* Products */,
			);
			sourceTree = "<group>";
		};
		481551811AEF769400509E02 /* Products */ = {
			isa = PBXGroup;
			children = (
				481551801AEF769400509E02 /* CC.app */,
				481551971AEF769400509E02 /* CCTests.xctest */,
			);
			name = Products;
			sourceTree = "<group>";
		};
		481551821AEF769400509E02 /* CC */ = {
			isa = PBXGroup;
			children = (
				65C673BC1B35CADC00351917 /* LCDFont */,
				482A0DB81AF79BB3003F18AB /* SocketRocket */,
				481551851AEF769400509E02 /* AppDelegate.swift */,
				48A4A3DA1B35A2F600AF10E6 /* Images.xcassets */,
				655A49591B3434C100D03E80 /* TabViewController.swift */,
				655A495B1B3448BF00D03E80 /* ConnectionScreen.swift */,
				655A495C1B3448BF00D03E80 /* ConnectionScreen.xib */,
				481551871AEF769400509E02 /* LiveController.swift */,
				481551891AEF769400509E02 /* ScriptController.swift */,
				4815518B1AEF769400509E02 /* Main.storyboard */,
				481551901AEF769400509E02 /* LaunchScreen.xib */,
				481551831AEF769400509E02 /* Supporting Files */,
				481551A71AEF8A0A00509E02 /* RecordButton.swift */,
				482A0DAF1AF79A15003F18AB /* BridgingHeader.h */,
				482A0DBD1AF7AC99003F18AB /* HorizontalSlider.swift */,
				650CC2131B00C553009569A8 /* CameraSlider.swift */,
				48B6FE5A1B35A23A0032A005 /* Recording.swift */,
			);
			path = CC;
			sourceTree = "<group>";
		};
		481551831AEF769400509E02 /* Supporting Files */ = {
			isa = PBXGroup;
			children = (
				481551841AEF769400509E02 /* Info.plist */,
			);
			name = "Supporting Files";
			sourceTree = "<group>";
		};
		4815519A1AEF769400509E02 /* CCTests */ = {
			isa = PBXGroup;
			children = (
				4815519D1AEF769400509E02 /* CCTests.swift */,
				4815519B1AEF769400509E02 /* Supporting Files */,
			);
			path = CCTests;
			sourceTree = "<group>";
		};
		4815519B1AEF769400509E02 /* Supporting Files */ = {
			isa = PBXGroup;
			children = (
				4815519C1AEF769400509E02 /* Info.plist */,
			);
			name = "Supporting Files";
			sourceTree = "<group>";
		};
		482A0DB81AF79BB3003F18AB /* SocketRocket */ = {
			isa = PBXGroup;
			children = (
				482A0DB91AF79BB3003F18AB /* SocketRocket-Prefix.pch */,
				482A0DBA1AF79BB3003F18AB /* SRWebSocket.h */,
				482A0DBB1AF79BB3003F18AB /* SRWebSocket.m */,
			);
			path = SocketRocket;
			sourceTree = "<group>";
		};
		65C673BC1B35CADC00351917 /* LCDFont */ = {
			isa = PBXGroup;
			children = (
				65C673BD1B35CADC00351917 /* FBBitmapFont.h */,
				65C673BE1B35CADD00351917 /* FBBitmapFont.m */,
				65C673BF1B35CADD00351917 /* FBBitmapFontView.h */,
				65C673C01B35CADD00351917 /* FBBitmapFontView.m */,
				65C673C11B35CADD00351917 /* FBFontSymbol.h */,
				65C673C21B35CADD00351917 /* FBFontSymbol.m */,
				65C673C31B35CADD00351917 /* FBLCDFont.h */,
				65C673C41B35CADD00351917 /* FBLCDFont.m */,
				65C673C51B35CADD00351917 /* FBLCDFontView.h */,
				65C673C61B35CADD00351917 /* FBLCDFontView.m */,
				65C673C71B35CADD00351917 /* FBSquareFont.h */,
				65C673C81B35CADD00351917 /* FBSquareFont.m */,
				65C673C91B35CADD00351917 /* FBSquareFontView.h */,
				65C673CA1B35CADD00351917 /* FBSquareFontView.m */,
				65C673CB1B35CADD00351917 /* LICENSE */,
			);
			path = LCDFont;
			sourceTree = "<group>";
		};
/* End PBXGroup section */

/* Begin PBXNativeTarget section */
		4815517F1AEF769400509E02 /* CC */ = {
			isa = PBXNativeTarget;
			buildConfigurationList = 481551A11AEF769400509E02 /* Build configuration list for PBXNativeTarget "CC" */;
			buildPhases = (
				4815517C1AEF769400509E02 /* Sources */,
				4815517D1AEF769400509E02 /* Frameworks */,
				4815517E1AEF769400509E02 /* Resources */,
			);
			buildRules = (
			);
			dependencies = (
			);
			name = CC;
			productName = CC;
			productReference = 481551801AEF769400509E02 /* CC.app */;
			productType = "com.apple.product-type.application";
		};
		481551961AEF769400509E02 /* CCTests */ = {
			isa = PBXNativeTarget;
			buildConfigurationList = 481551A41AEF769400509E02 /* Build configuration list for PBXNativeTarget "CCTests" */;
			buildPhases = (
				481551931AEF769400509E02 /* Sources */,
				481551941AEF769400509E02 /* Frameworks */,
				481551951AEF769400509E02 /* Resources */,
			);
			buildRules = (
			);
			dependencies = (
				481551991AEF769400509E02 /* PBXTargetDependency */,
			);
			name = CCTests;
			productName = CCTests;
			productReference = 481551971AEF769400509E02 /* CCTests.xctest */;
			productType = "com.apple.product-type.bundle.unit-test";
		};
/* End PBXNativeTarget section */

/* Begin PBXProject section */
		481551781AEF769300509E02 /* Project object */ = {
			isa = PBXProject;
			attributes = {
				LastUpgradeCheck = 0630;
				ORGANIZATIONNAME = "Tobias Schneider";
				TargetAttributes = {
					4815517F1AEF769400509E02 = {
						CreatedOnToolsVersion = 6.3.1;
						DevelopmentTeam = ULJ4468G3R;
					};
					481551961AEF769400509E02 = {
						CreatedOnToolsVersion = 6.3.1;
						TestTargetID = 4815517F1AEF769400509E02;
					};
				};
			};
			buildConfigurationList = 4815517B1AEF769300509E02 /* Build configuration list for PBXProject "CC" */;
			compatibilityVersion = "Xcode 3.2";
			developmentRegion = English;
			hasScannedForEncodings = 0;
			knownRegions = (
				en,
				Base,
			);
			mainGroup = 481551771AEF769300509E02;
			productRefGroup = 481551811AEF769400509E02 /* Products */;
			projectDirPath = "";
			projectRoot = "";
			targets = (
				4815517F1AEF769400509E02 /* CC */,
				481551961AEF769400509E02 /* CCTests */,
			);
		};
/* End PBXProject section */

/* Begin PBXResourcesBuildPhase section */
		4815517E1AEF769400509E02 /* Resources */ = {
			isa = PBXResourcesBuildPhase;
			buildActionMask = 2147483647;
			files = (
				4815518D1AEF769400509E02 /* Main.storyboard in Resources */,
				48A4A3DB1B35A2F600AF10E6 /* Images.xcassets in Resources */,
				481551921AEF769400509E02 /* LaunchScreen.xib in Resources */,
				655A495E1B3448BF00D03E80 /* ConnectionScreen.xib in Resources */,
				65C673D31B35CADD00351917 /* LICENSE in Resources */,
			);
			runOnlyForDeploymentPostprocessing = 0;
		};
		481551951AEF769400509E02 /* Resources */ = {
			isa = PBXResourcesBuildPhase;
			buildActionMask = 2147483647;
			files = (
			);
			runOnlyForDeploymentPostprocessing = 0;
		};
/* End PBXResourcesBuildPhase section */

/* Begin PBXSourcesBuildPhase section */
		4815517C1AEF769400509E02 /* Sources */ = {
			isa = PBXSourcesBuildPhase;
			buildActionMask = 2147483647;
			files = (
				481551A81AEF8A0A00509E02 /* RecordButton.swift in Sources */,
				65C673CC1B35CADD00351917 /* FBBitmapFont.m in Sources */,
				4815518A1AEF769400509E02 /* ScriptController.swift in Sources */,
				482A0DBE1AF7AC99003F18AB /* HorizontalSlider.swift in Sources */,
				65C673CF1B35CADD00351917 /* FBLCDFont.m in Sources */,
				482A0DBC1AF79BB3003F18AB /* SRWebSocket.m in Sources */,
				65C673CE1B35CADD00351917 /* FBFontSymbol.m in Sources */,
				650CC2141B00C553009569A8 /* CameraSlider.swift in Sources */,
				655A495A1B3434C100D03E80 /* TabViewController.swift in Sources */,
				65C673D11B35CADD00351917 /* FBSquareFont.m in Sources */,
				655A495D1B3448BF00D03E80 /* ConnectionScreen.swift in Sources */,
				65C673CD1B35CADD00351917 /* FBBitmapFontView.m in Sources */,
				65C673D01B35CADD00351917 /* FBLCDFontView.m in Sources */,
				65C673D21B35CADD00351917 /* FBSquareFontView.m in Sources */,
				481551861AEF769400509E02 /* AppDelegate.swift in Sources */,
				481551881AEF769400509E02 /* LiveController.swift in Sources */,
				48B6FE5B1B35A23A0032A005 /* Recording.swift in Sources */,
			);
			runOnlyForDeploymentPostprocessing = 0;
		};
		481551931AEF769400509E02 /* Sources */ = {
			isa = PBXSourcesBuildPhase;
			buildActionMask = 2147483647;
			files = (
				4815519E1AEF769400509E02 /* CCTests.swift in Sources */,
			);
			runOnlyForDeploymentPostprocessing = 0;
		};
/* End PBXSourcesBuildPhase section */

/* Begin PBXTargetDependency section */
		481551991AEF769400509E02 /* PBXTargetDependency */ = {
			isa = PBXTargetDependency;
			target = 4815517F1AEF769400509E02 /* CC */;
			targetProxy = 481551981AEF769400509E02 /* PBXContainerItemProxy */;
		};
/* End PBXTargetDependency section */

/* Begin PBXVariantGroup section */
		4815518B1AEF769400509E02 /* Main.storyboard */ = {
			isa = PBXVariantGroup;
			children = (
				4815518C1AEF769400509E02 /* Base */,
			);
			name = Main.storyboard;
			sourceTree = "<group>";
		};
		481551901AEF769400509E02 /* LaunchScreen.xib */ = {
			isa = PBXVariantGroup;
			children = (
				481551911AEF769400509E02 /* Base */,
			);
			name = LaunchScreen.xib;
			sourceTree = "<group>";
		};
/* End PBXVariantGroup section */

/* Begin XCBuildConfiguration section */
		4815519F1AEF769400509E02 /* Debug */ = {
			isa = XCBuildConfiguration;
			buildSettings = {
				ALWAYS_SEARCH_USER_PATHS = NO;
				CLANG_CXX_LANGUAGE_STANDARD = "gnu++0x";
				CLANG_CXX_LIBRARY = "libc++";
				CLANG_ENABLE_MODULES = YES;
				CLANG_ENABLE_OBJC_ARC = YES;
				CLANG_WARN_BOOL_CONVERSION = YES;
				CLANG_WARN_CONSTANT_CONVERSION = YES;
				CLANG_WARN_DIRECT_OBJC_ISA_USAGE = YES_ERROR;
				CLANG_WARN_EMPTY_BODY = YES;
				CLANG_WARN_ENUM_CONVERSION = YES;
				CLANG_WARN_INT_CONVERSION = YES;
				CLANG_WARN_OBJC_ROOT_CLASS = YES_ERROR;
				CLANG_WARN_UNREACHABLE_CODE = YES;
				CLANG_WARN__DUPLICATE_METHOD_MATCH = YES;
				"CODE_SIGN_IDENTITY[sdk=iphoneos*]" = "iPhone Developer";
				COPY_PHASE_STRIP = NO;
				DEBUG_INFORMATION_FORMAT = "dwarf-with-dsym";
				ENABLE_STRICT_OBJC_MSGSEND = YES;
				GCC_C_LANGUAGE_STANDARD = gnu99;
				GCC_DYNAMIC_NO_PIC = NO;
				GCC_NO_COMMON_BLOCKS = YES;
				GCC_OPTIMIZATION_LEVEL = 0;
				GCC_PREPROCESSOR_DEFINITIONS = (
					"DEBUG=1",
					"$(inherited)",
				);
				GCC_SYMBOLS_PRIVATE_EXTERN = NO;
				GCC_WARN_64_TO_32_BIT_CONVERSION = YES;
				GCC_WARN_ABOUT_RETURN_TYPE = YES_ERROR;
				GCC_WARN_UNDECLARED_SELECTOR = YES;
				GCC_WARN_UNINITIALIZED_AUTOS = YES_AGGRESSIVE;
				GCC_WARN_UNUSED_FUNCTION = YES;
				GCC_WARN_UNUSED_VARIABLE = YES;
				IPHONEOS_DEPLOYMENT_TARGET = 8.3;
				MTL_ENABLE_DEBUG_INFO = YES;
				ONLY_ACTIVE_ARCH = YES;
				SDKROOT = iphoneos;
				SWIFT_OPTIMIZATION_LEVEL = "-Onone";
				TARGETED_DEVICE_FAMILY = 2;
			};
			name = Debug;
		};
		481551A01AEF769400509E02 /* Release */ = {
			isa = XCBuildConfiguration;
			buildSettings = {
				ALWAYS_SEARCH_USER_PATHS = NO;
				CLANG_CXX_LANGUAGE_STANDARD = "gnu++0x";
				CLANG_CXX_LIBRARY = "libc++";
				CLANG_ENABLE_MODULES = YES;
				CLANG_ENABLE_OBJC_ARC = YES;
				CLANG_WARN_BOOL_CONVERSION = YES;
				CLANG_WARN_CONSTANT_CONVERSION = YES;
				CLANG_WARN_DIRECT_OBJC_ISA_USAGE = YES_ERROR;
				CLANG_WARN_EMPTY_BODY = YES;
				CLANG_WARN_ENUM_CONVERSION = YES;
				CLANG_WARN_INT_CONVERSION = YES;
				CLANG_WARN_OBJC_ROOT_CLASS = YES_ERROR;
				CLANG_WARN_UNREACHABLE_CODE = YES;
				CLANG_WARN__DUPLICATE_METHOD_MATCH = YES;
				"CODE_SIGN_IDENTITY[sdk=iphoneos*]" = "iPhone Developer";
				COPY_PHASE_STRIP = NO;
				DEBUG_INFORMATION_FORMAT = "dwarf-with-dsym";
				ENABLE_NS_ASSERTIONS = NO;
				ENABLE_STRICT_OBJC_MSGSEND = YES;
				GCC_C_LANGUAGE_STANDARD = gnu99;
				GCC_NO_COMMON_BLOCKS = YES;
				GCC_WARN_64_TO_32_BIT_CONVERSION = YES;
				GCC_WARN_ABOUT_RETURN_TYPE = YES_ERROR;
				GCC_WARN_UNDECLARED_SELECTOR = YES;
				GCC_WARN_UNINITIALIZED_AUTOS = YES_AGGRESSIVE;
				GCC_WARN_UNUSED_FUNCTION = YES;
				GCC_WARN_UNUSED_VARIABLE = YES;
				IPHONEOS_DEPLOYMENT_TARGET = 8.3;
				MTL_ENABLE_DEBUG_INFO = NO;
				SDKROOT = iphoneos;
				TARGETED_DEVICE_FAMILY = 2;
				VALIDATE_PRODUCT = YES;
			};
			name = Release;
		};
		481551A21AEF769400509E02 /* Debug */ = {
			isa = XCBuildConfiguration;
			buildSettings = {
				ASSETCATALOG_COMPILER_APPICON_NAME = AppIcon;
				CODE_SIGN_IDENTITY = "iPhone Developer: Daniel Grie�haber (J9QRGT2U8A)";
				"CODE_SIGN_IDENTITY[sdk=iphoneos*]" = "iPhone Developer: Daniel Grie�haber (J9QRGT2U8A)";
				INFOPLIST_FILE = CC/Info.plist;
				IPHONEOS_DEPLOYMENT_TARGET = 8.2;
				LD_RUNPATH_SEARCH_PATHS = "$(inherited) @executable_path/Frameworks";
				PRODUCT_NAME = "$(TARGET_NAME)";
				PROVISIONING_PROFILE = "e6b6f007-9347-44bc-946d-ab1df73a4d12";
				SWIFT_OBJC_BRIDGING_HEADER = CC/BridgingHeader.h;
				TARGETED_DEVICE_FAMILY = "1,2";
			};
			name = Debug;
		};
		481551A31AEF769400509E02 /* Release */ = {
			isa = XCBuildConfiguration;
			buildSettings = {
				ASSETCATALOG_COMPILER_APPICON_NAME = AppIcon;
				CODE_SIGN_IDENTITY = "iPhone Developer: Daniel Grie�haber (J9QRGT2U8A)";
				"CODE_SIGN_IDENTITY[sdk=iphoneos*]" = "iPhone Developer: Daniel Grie�haber (J9QRGT2U8A)";
				INFOPLIST_FILE = CC/Info.plist;
				IPHONEOS_DEPLOYMENT_TARGET = 8.2;
				LD_RUNPATH_SEARCH_PATHS = "$(inherited) @executable_path/Frameworks";
				PRODUCT_NAME = "$(TARGET_NAME)";
				PROVISIONING_PROFILE = "e6b6f007-9347-44bc-946d-ab1df73a4d12";
				SWIFT_OBJC_BRIDGING_HEADER = CC/BridgingHeader.h;
				TARGETED_DEVICE_FAMILY = "1,2";
			};
			name = Release;
		};
		481551A51AEF769400509E02 /* Debug */ = {
			isa = XCBuildConfiguration;
			buildSettings = {
				BUNDLE_LOADER = "$(TEST_HOST)";
				FRAMEWORK_SEARCH_PATHS = (
					"$(SDKROOT)/Developer/Library/Frameworks",
					"$(inherited)",
				);
				GCC_PREPROCESSOR_DEFINITIONS = (
					"DEBUG=1",
					"$(inherited)",
				);
				INFOPLIST_FILE = CCTests/Info.plist;
				LD_RUNPATH_SEARCH_PATHS = "$(inherited) @executable_path/Frameworks @loader_path/Frameworks";
				PRODUCT_NAME = "$(TARGET_NAME)";
				TEST_HOST = "$(BUILT_PRODUCTS_DIR)/CC.app/CC";
			};
			name = Debug;
		};
		481551A61AEF769400509E02 /* Release */ = {
			isa = XCBuildConfiguration;
			buildSettings = {
				BUNDLE_LOADER = "$(TEST_HOST)";
				FRAMEWORK_SEARCH_PATHS = (
					"$(SDKROOT)/Developer/Library/Frameworks",
					"$(inherited)",
				);
				INFOPLIST_FILE = CCTests/Info.plist;
				LD_RUNPATH_SEARCH_PATHS = "$(inherited) @executable_path/Frameworks @loader_path/Frameworks";
				PRODUCT_NAME = "$(TARGET_NAME)";
				TEST_HOST = "$(BUILT_PRODUCTS_DIR)/CC.app/CC";
			};
			name = Release;
		};
/* End XCBuildConfiguration section */

/* Begin XCConfigurationList section */
		4815517B1AEF769300509E02 /* Build configuration list for PBXProject "CC" */ = {
			isa = XCConfigurationList;
			buildConfigurations = (
				4815519F1AEF769400509E02 /* Debug */,
				481551A01AEF769400509E02 /* Release */,
			);
			defaultConfigurationIsVisible = 0;
			defaultConfigurationName = Release;
		};
		481551A11AEF769400509E02 /* Build configuration list for PBXNativeTarget "CC" */ = {
			isa = XCConfigurationList;
			buildConfigurations = (
				481551A21AEF769400509E02 /* Debug */,
				481551A31AEF769400509E02 /* Release */,
			);
			defaultConfigurationIsVisible = 0;
			defaultConfigurationName = Release;
		};
		481551A41AEF769400509E02 /* Build configuration list for PBXNativeTarget "CCTests" */ = {
			isa = XCConfigurationList;
			buildConfigurations = (
				481551A51AEF769400509E02 /* Debug */,
				481551A61AEF769400509E02 /* Release */,
			);
			defaultConfigurationIsVisible = 0;
			defaultConfigurationName = Release;
		};
/* End XCConfigurationList section */
	};
	rootObject = 481551781AEF769300509E02 /* Project object */;
}
